<?xml version="1.0" encoding="utf-8"?>
<Project ToolsVersion="4.0" xmlns="http://schemas.microsoft.com/developer/msbuild/2003">
  <ItemGroup>
    <Filter Include="Source Files">
      <UniqueIdentifier>{4FC737F1-C7A5-4376-A066-2A32D752A2FF}</UniqueIdentifier>
      <Extensions>cpp;c;cc;cxx;def;odl;idl;hpj;bat;asm;asmx</Extensions>
    </Filter>
    <Filter Include="Classifier">
      <UniqueIdentifier>{a2e4d840-b11d-49b9-aaf4-08607bf66b7e}</UniqueIdentifier>
    </Filter>
    <Filter Include="Bayes">
      <UniqueIdentifier>{f9442507-7c27-4466-b30c-523259b435bd}</UniqueIdentifier>
    </Filter>
    <Filter Include="Data">
      <UniqueIdentifier>{6a14a2de-7ec3-4b0f-b860-fbcbf8959b8b}</UniqueIdentifier>
    </Filter>
    <Filter Include="Parser">
      <UniqueIdentifier>{02eedd86-a007-499b-b63b-8ead70b0f8bc}</UniqueIdentifier>
    </Filter>
    <Filter Include="Test">
      <UniqueIdentifier>{16357143-c752-466f-a289-38aa68e92cff}</UniqueIdentifier>
    </Filter>
  </ItemGroup>
  <ItemGroup>
    <ClCompile Include="Source.cpp">
      <Filter>Source Files</Filter>
    </ClCompile>
  </ItemGroup>
  <ItemGroup>
    <ClInclude Include="Classifier.hpp">
      <Filter>Classifier</Filter>
    </ClInclude>
    <ClInclude Include="BayesClassifier.hpp">
      <Filter>Bayes</Filter>
    </ClInclude>
    <ClInclude Include="FeatureSet.hpp">
      <Filter>Data</Filter>
    </ClInclude>
    <ClInclude Include="Features.hpp">
      <Filter>Data</Filter>
    </ClInclude>
    <ClInclude Include="CsvParser.hpp">
      <Filter>Parser</Filter>
    </ClInclude>
    <ClInclude Include="Glass.hpp">
      <Filter>Test</Filter>
    </ClInclude>
  </ItemGroup>
  <ItemGroup>
    <None Include="CategorizedObject.hpp">
      <Filter>Classifier</Filter>
    </None>
  </ItemGroup>
</Project>